// !$*UTF8*$!
{
	archiveVersion = 1;
	classes = {
	};
	objectVersion = 46;
	objects = {

/* Begin PBXBuildFile section */
		534FC6AF1B32E3B6003AA563 /* main.cpp in Sources */ = {isa = PBXBuildFile; fileRef = 534FC6AE1B32E3B6003AA563 /* main.cpp */; };
		53E69D0F1B358CC40081EB11 /* libdylib_reflectorclasses.dylib in Frameworks */ = {isa = PBXBuildFile; fileRef = 53E69D0E1B358C2B0081EB11 /* libdylib_reflectorclasses.dylib */; };
/* End PBXBuildFile section */

/* Begin PBXContainerItemProxy section */
		53E69D0D1B358C2B0081EB11 /* PBXContainerItemProxy */ = {
			isa = PBXContainerItemProxy;
			containerPortal = 53E69D091B358C2A0081EB11 /* dylib_reflectorclasses.xcodeproj */;
			proxyType = 2;
			remoteGlobalIDString = 53E69CFB1B358C2A0081EB11;
			remoteInfo = dylib_reflectorclasses;
		};
/* End PBXContainerItemProxy section */

/* Begin PBXCopyFilesBuildPhase section */
		534FC6A91B32E3B6003AA563 /* CopyFiles */ = {
			isa = PBXCopyFilesBuildPhase;
			buildActionMask = 2147483647;
			dstPath = /usr/share/man/man1/;
			dstSubfolderSpec = 0;
			files = (
			);
			runOnlyForDeploymentPostprocessing = 1;
		};
/* End PBXCopyFilesBuildPhase section */

/* Begin PBXFileReference section */
		534FC6AB1B32E3B6003AA563 /* Reflection_2 */ = {isa = PBXFileReference; explicitFileType = "compiled.mach-o.executable"; includeInIndex = 0; path = Reflection_2; sourceTree = BUILT_PRODUCTS_DIR; };
		534FC6AE1B32E3B6003AA563 /* main.cpp */ = {isa = PBXFileReference; lastKnownFileType = sourcecode.cpp.cpp; path = main.cpp; sourceTree = "<group>"; };
		53E69D091B358C2A0081EB11 /* dylib_reflectorclasses.xcodeproj */ = {isa = PBXFileReference; lastKnownFileType = "wrapper.pb-project"; name = dylib_reflectorclasses.xcodeproj; path = dylib_reflectorclasses/dylib_reflectorclasses.xcodeproj; sourceTree = "<group>"; };
/* End PBXFileReference section */

/* Begin PBXFrameworksBuildPhase section */
		534FC6A81B32E3B6003AA563 /* Frameworks */ = {
			isa = PBXFrameworksBuildPhase;
			buildActionMask = 2147483647;
			files = (
				53E69D0F1B358CC40081EB11 /* libdylib_reflectorclasses.dylib in Frameworks */,
			);
			runOnlyForDeploymentPostprocessing = 0;
		};
/* End PBXFrameworksBuildPhase section */

/* Begin PBXGroup section */
		534FC6A21B32E3B6003AA563 = {
			isa = PBXGroup;
			children = (
				53E69D091B358C2A0081EB11 /* dylib_reflectorclasses.xcodeproj */,
				534FC6AD1B32E3B6003AA563 /* Reflection_2 */,
				534FC6AC1B32E3B6003AA563 /* Products */,
			);
			sourceTree = "<group>";
		};
		534FC6AC1B32E3B6003AA563 /* Products */ = {
			isa = PBXGroup;
			children = (
				534FC6AB1B32E3B6003AA563 /* Reflection_2 */,
			);
			name = Products;
			sourceTree = "<group>";
		};
		534FC6AD1B32E3B6003AA563 /* Reflection_2 */ = {
			isa = PBXGroup;
			children = (
				534FC6AE1B32E3B6003AA563 /* main.cpp */,
			);
			path = Reflection_2;
			sourceTree = "<group>";
		};
		53E69D0A1B358C2A0081EB11 /* Products */ = {
			isa = PBXGroup;
			children = (
				53E69D0E1B358C2B0081EB11 /* libdylib_reflectorclasses.dylib */,
			);
			name = Products;
			sourceTree = "<group>";
		};
/* End PBXGroup section */

/* Begin PBXNativeTarget section */
		534FC6AA1B32E3B6003AA563 /* Reflection_2 */ = {
			isa = PBXNativeTarget;
			buildConfigurationList = 534FC6B21B32E3B6003AA563 /* Build configuration list for PBXNativeTarget "Reflection_2" */;
			buildPhases = (
				534FC6A71B32E3B6003AA563 /* Sources */,
				534FC6A81B32E3B6003AA563 /* Frameworks */,
				534FC6A91B32E3B6003AA563 /* CopyFiles */,
			);
			buildRules = (
			);
			dependencies = (
			);
			name = Reflection_2;
			productName = Reflection_2;
			productReference = 534FC6AB1B32E3B6003AA563 /* Reflection_2 */;
			productType = "com.apple.product-type.tool";
		};
/* End PBXNativeTarget section */

/* Begin PBXProject section */
		534FC6A31B32E3B6003AA563 /* Project object */ = {
			isa = PBXProject;
			attributes = {
				LastUpgradeCheck = 0630;
				ORGANIZATIONNAME = TonyZefkia;
				TargetAttributes = {
					534FC6AA1B32E3B6003AA563 = {
						CreatedOnToolsVersion = 6.3.1;
					};
				};
			};
			buildConfigurationList = 534FC6A61B32E3B6003AA563 /* Build configuration list for PBXProject "Reflection_2" */;
			compatibilityVersion = "Xcode 3.2";
			developmentRegion = English;
			hasScannedForEncodings = 0;
			knownRegions = (
				en,
			);
			mainGroup = 534FC6A21B32E3B6003AA563;
			productRefGroup = 534FC6AC1B32E3B6003AA563 /* Products */;
			projectDirPath = "";
			projectReferences = (
				{
					ProductGroup = 53E69D0A1B358C2A0081EB11 /* Products */;
					ProjectRef = 53E69D091B358C2A0081EB11 /* dylib_reflectorclasses.xcodeproj */;
				},
			);
			projectRoot = "";
			targets = (
				534FC6AA1B32E3B6003AA563 /* Reflection_2 */,
			);
		};
/* End PBXProject section */

/* Begin PBXReferenceProxy section */
		53E69D0E1B358C2B0081EB11 /* libdylib_reflectorclasses.dylib */ = {
			isa = PBXReferenceProxy;
			fileType = "compiled.mach-o.dylib";
			path = libdylib_reflectorclasses.dylib;
			remoteRef = 53E69D0D1B358C2B0081EB11 /* PBXContainerItemProxy */;
			sourceTree = BUILT_PRODUCTS_DIR;
		};
/* End PBXReferenceProxy section */

/* Begin PBXSourcesBuildPhase section */
		534FC6A71B32E3B6003AA563 /* Sources */ = {
			isa = PBXSourcesBuildPhase;
			buildActionMask = 2147483647;
			files = (
				534FC6AF1B32E3B6003AA563 /* main.cpp in Sources */,
			);
			runOnlyForDeploymentPostprocessing = 0;
		};
/* End PBXSourcesBuildPhase section */

/* Begin XCBuildConfiguration section */
		534FC6B01B32E3B6003AA563 /* Debug */ = {
			isa = XCBuildConfiguration;
			buildSettings = {
				ALWAYS_SEARCH_USER_PATHS = NO;
				CLANG_CXX_LANGUAGE_STANDARD = "gnu++0x";
				CLANG_CXX_LIBRARY = "libc++";
				CLANG_ENABLE_MODULES = YES;
				CLANG_ENABLE_OBJC_ARC = YES;
				CLANG_WARN_BOOL_CONVERSION = YES;
				CLANG_WARN_CONSTANT_CONVERSION = YES;
				CLANG_WARN_DIRECT_OBJC_ISA_USAGE = YES_ERROR;
				CLANG_WARN_EMPTY_BODY = YES;
				CLANG_WARN_ENUM_CONVERSION = YES;
				CLANG_WARN_INT_CONVERSION = YES;
				CLANG_WARN_OBJC_ROOT_CLASS = YES_ERROR;
				CLANG_WARN_UNREACHABLE_CODE = YES;
				CLANG_WARN__DUPLICATE_METHOD_MATCH = YES;
				COPY_PHASE_STRIP = NO;
				DEBUG_INFORMATION_FORMAT = dwarf;
				ENABLE_STRICT_OBJC_MSGSEND = YES;
				GCC_C_LANGUAGE_STANDARD = gnu99;
				GCC_DYNAMIC_NO_PIC = NO;
				GCC_NO_COMMON_BLOCKS = YES;
				GCC_OPTIMIZATION_LEVEL = 0;
				GCC_PREPROCESSOR_DEFINITIONS = (
					"DEBUG=1",
					"$(inherited)",
				);
				GCC_SYMBOLS_PRIVATE_EXTERN = NO;
				GCC_WARN_64_TO_32_BIT_CONVERSION = YES;
				GCC_WARN_ABOUT_RETURN_TYPE = YES_ERROR;
				GCC_WARN_UNDECLARED_SELECTOR = YES;
				GCC_WARN_UNINITIALIZED_AUTOS = YES_AGGRESSIVE;
				GCC_WARN_UNUSED_FUNCTION = YES;
				GCC_WARN_UNUSED_VARIABLE = YES;
				LIBRARY_SEARCH_PATHS = (
					./lib_reflector,
					./dylib_reflectorclasses,
				);
				MACOSX_DEPLOYMENT_TARGET = 10.10;
				MTL_ENABLE_DEBUG_INFO = YES;
				ONLY_ACTIVE_ARCH = YES;
				SDKROOT = macosx;
				USER_HEADER_SEARCH_PATHS = "./lib_reflector/lib_reflector ./dylib_reflectorclasses/dylib_reflectorclasses";
			};
			name = Debug;
		};
		534FC6B11B32E3B6003AA563 /* Release */ = {
			isa = XCBuildConfiguration;
			buildSettings = {
				ALWAYS_SEARCH_USER_PATHS = NO;
				CLANG_CXX_LANGUAGE_STANDARD = "gnu++0x";
				CLANG_CXX_LIBRARY = "libc++";
				CLANG_ENABLE_MODULES = YES;
				CLANG_ENABLE_OBJC_ARC = YES;
				CLANG_WARN_BOOL_CONVERSION = YES;
				CLANG_WARN_CONSTANT_CONVERSION = YES;
				CLANG_WARN_DIRECT_OBJC_ISA_USAGE = YES_ERROR;
				CLANG_WARN_EMPTY_BODY = YES;
				CLANG_WARN_ENUM_CONVERSION = YES;
				CLANG_WARN_INT_CONVERSION = YES;
				CLANG_WARN_OBJC_ROOT_CLASS = YES_ERROR;
				CLANG_WARN_UNREACHABLE_CODE = YES;
				CLANG_WARN__DUPLICATE_METHOD_MATCH = YES;
				COPY_PHASE_STRIP = NO;
				DEBUG_INFORMATION_FORMAT = "dwarf-with-dsym";
				ENABLE_NS_ASSERTIONS = NO;
				ENABLE_STRICT_OBJC_MSGSEND = YES;
				GCC_C_LANGUAGE_STANDARD = gnu99;
				GCC_NO_COMMON_BLOCKS = YES;
				GCC_WARN_64_TO_32_BIT_CONVERSION = YES;
				GCC_WARN_ABOUT_RETURN_TYPE = YES_ERROR;
				GCC_WARN_UNDECLARED_SELECTOR = YES;
				GCC_WARN_UNINITIALIZED_AUTOS = YES_AGGRESSIVE;
				GCC_WARN_UNUSED_FUNCTION = YES;
				GCC_WARN_UNUSED_VARIABLE = YES;
				LIBRARY_SEARCH_PATHS = (
					./lib_reflector,
					./dylib_reflectorclasses,
				);
				MACOSX_DEPLOYMENT_TARGET = 10.10;
				MTL_ENABLE_DEBUG_INFO = NO;
				SDKROOT = macosx;
				USER_HEADER_SEARCH_PATHS = "./lib_reflector/lib_reflector ./dylib_reflectorclasses/dylib_reflectorclasses";
			};
			name = Release;
		};
		534FC6B31B32E3B6003AA563 /* Debug */ = {
			isa = XCBuildConfiguration;
			buildSettings = {
				HEADER_SEARCH_PATHS = (
					"$(inherited)",
					/Applications/Xcode.app/Contents/Developer/Toolchains/XcodeDefault.xctoolchain/usr/include,
				);
				LIBRARY_SEARCH_PATHS = (
					./lib_reflector,
					./dylib_reflectorclasses,
				);
				PRODUCT_NAME = "$(TARGET_NAME)";
				USER_HEADER_SEARCH_PATHS = "./lib_reflector/lib_reflector ./dylib_reflectorclasses/dylib_reflectorclasses";
			};
			name = Debug;
		};
		534FC6B41B32E3B6003AA563 /* Release */ = {
			isa = XCBuildConfiguration;
			buildSettings = {
				HEADER_SEARCH_PATHS = (
					"$(inherited)",
					/Applications/Xcode.app/Contents/Developer/Toolchains/XcodeDefault.xctoolchain/usr/include,
				);
				LIBRARY_SEARCH_PATHS = (
					./lib_reflector,
					./dylib_reflectorclasses,
				);
				PRODUCT_NAME = "$(TARGET_NAME)";
				USER_HEADER_SEARCH_PATHS = "./lib_reflector/lib_reflector ./dylib_reflectorclasses/dylib_reflectorclasses";
			};
			name = Release;
		};
/* End XCBuildConfiguration section */

/* Begin XCConfigurationList section */
		534FC6A61B32E3B6003AA563 /* Build configuration list for PBXProject "Reflection_2" */ = {
			isa = XCConfigurationList;
			buildConfigurations = (
				534FC6B01B32E3B6003AA563 /* Debug */,
				534FC6B11B32E3B6003AA563 /* Release */,
			);
			defaultConfigurationIsVisible = 0;
			defaultConfigurationName = Release;
		};
		534FC6B21B32E3B6003AA563 /* Build configuration list for PBXNativeTarget "Reflection_2" */ = {
			isa = XCConfigurationList;
			buildConfigurations = (
				534FC6B31B32E3B6003AA563 /* Debug */,
				534FC6B41B32E3B6003AA563 /* Release */,
			);
			defaultConfigurationIsVisible = 0;
			defaultConfigurationName = Release;
		};
/* End XCConfigurationList section */
	};
	rootObject = 534FC6A31B32E3B6003AA563 /* Project object */;
}
